// !$*UTF8*$!
{
	archiveVersion = 1;
	classes = {
	};
	objectVersion = 48;
	objects = {

/* Begin PBXBuildFile section */
		610AD0891F7D3F4900E08C61 /* AppDelegate.swift in Sources */ = {isa = PBXBuildFile; fileRef = 610AD0881F7D3F4900E08C61 /* AppDelegate.swift */; };
		610AD08B1F7D3F4900E08C61 /* CategoriesVC.swift in Sources */ = {isa = PBXBuildFile; fileRef = 610AD08A1F7D3F4900E08C61 /* CategoriesVC.swift */; };
		610AD08E1F7D3F4900E08C61 /* Main.storyboard in Resources */ = {isa = PBXBuildFile; fileRef = 610AD08C1F7D3F4900E08C61 /* Main.storyboard */; };
		610AD0901F7D3F4900E08C61 /* Assets.xcassets in Resources */ = {isa = PBXBuildFile; fileRef = 610AD08F1F7D3F4900E08C61 /* Assets.xcassets */; };
		610AD0931F7D3F4900E08C61 /* LaunchScreen.storyboard in Resources */ = {isa = PBXBuildFile; fileRef = 610AD0911F7D3F4900E08C61 /* LaunchScreen.storyboard */; };
		610AD09E1F7D473C00E08C61 /* CategoryCell.swift in Sources */ = {isa = PBXBuildFile; fileRef = 610AD09D1F7D473C00E08C61 /* CategoryCell.swift */; };
		610AD0A01F7D4C9A00E08C61 /* Category.swift in Sources */ = {isa = PBXBuildFile; fileRef = 610AD09F1F7D4C9A00E08C61 /* Category.swift */; };
		610AD0A31F7D4FDA00E08C61 /* DataService.swift in Sources */ = {isa = PBXBuildFile; fileRef = 610AD0A21F7D4FDA00E08C61 /* DataService.swift */; };
		610AD0A51F7DA67A00E08C61 /* ProductCell.swift in Sources */ = {isa = PBXBuildFile; fileRef = 610AD0A41F7DA67A00E08C61 /* ProductCell.swift */; };
/* End PBXBuildFile section */

/* Begin PBXFileReference section */
		610AD0851F7D3F4900E08C61 /* coder-swag.app */ = {isa = PBXFileReference; explicitFileType = wrapper.application; includeInIndex = 0; path = "coder-swag.app"; sourceTree = BUILT_PRODUCTS_DIR; };
		610AD0881F7D3F4900E08C61 /* AppDelegate.swift */ = {isa = PBXFileReference; lastKnownFileType = sourcecode.swift; path = AppDelegate.swift; sourceTree = "<group>"; };
		610AD08A1F7D3F4900E08C61 /* CategoriesVC.swift */ = {isa = PBXFileReference; lastKnownFileType = sourcecode.swift; path = CategoriesVC.swift; sourceTree = "<group>"; };
		610AD08D1F7D3F4900E08C61 /* Base */ = {isa = PBXFileReference; lastKnownFileType = file.storyboard; name = Base; path = Base.lproj/Main.storyboard; sourceTree = "<group>"; };
		610AD08F1F7D3F4900E08C61 /* Assets.xcassets */ = {isa = PBXFileReference; lastKnownFileType = folder.assetcatalog; path = Assets.xcassets; sourceTree = "<group>"; };
		610AD0921F7D3F4900E08C61 /* Base */ = {isa = PBXFileReference; lastKnownFileType = file.storyboard; name = Base; path = Base.lproj/LaunchScreen.storyboard; sourceTree = "<group>"; };
		610AD0941F7D3F4900E08C61 /* Info.plist */ = {isa = PBXFileReference; lastKnownFileType = text.plist.xml; path = Info.plist; sourceTree = "<group>"; };
		610AD09D1F7D473C00E08C61 /* CategoryCell.swift */ = {isa = PBXFileReference; lastKnownFileType = sourcecode.swift; path = CategoryCell.swift; sourceTree = "<group>"; };
		610AD09F1F7D4C9A00E08C61 /* Category.swift */ = {isa = PBXFileReference; lastKnownFileType = sourcecode.swift; path = Category.swift; sourceTree = "<group>"; };
		610AD0A21F7D4FDA00E08C61 /* DataService.swift */ = {isa = PBXFileReference; lastKnownFileType = sourcecode.swift; path = DataService.swift; sourceTree = "<group>"; };
		610AD0A41F7DA67A00E08C61 /* ProductCell.swift */ = {isa = PBXFileReference; lastKnownFileType = sourcecode.swift; path = ProductCell.swift; sourceTree = "<group>"; };
/* End PBXFileReference section */

/* Begin PBXFrameworksBuildPhase section */
		610AD0821F7D3F4800E08C61 /* Frameworks */ = {
			isa = PBXFrameworksBuildPhase;
			buildActionMask = 2147483647;
			files = (
			);
			runOnlyForDeploymentPostprocessing = 0;
		};
/* End PBXFrameworksBuildPhase section */

/* Begin PBXGroup section */
		610AD07C1F7D3F4800E08C61 = {
			isa = PBXGroup;
			children = (
				610AD0871F7D3F4900E08C61 /* coder-swag */,
				610AD0861F7D3F4900E08C61 /* Products */,
			);
			sourceTree = "<group>";
		};
		610AD0861F7D3F4900E08C61 /* Products */ = {
			isa = PBXGroup;
			children = (
				610AD0851F7D3F4900E08C61 /* coder-swag.app */,
			);
			name = Products;
			sourceTree = "<group>";
		};
		610AD0871F7D3F4900E08C61 /* coder-swag */ = {
			isa = PBXGroup;
			children = (
				610AD0A11F7D4FCB00E08C61 /* Services */,
				610AD09C1F7D46A800E08C61 /* View */,
				610AD09B1F7D46A100E08C61 /* Model */,
				610AD09A1F7D469A00E08C61 /* Controller */,
				610AD0881F7D3F4900E08C61 /* AppDelegate.swift */,
				610AD08C1F7D3F4900E08C61 /* Main.storyboard */,
				610AD08F1F7D3F4900E08C61 /* Assets.xcassets */,
				610AD0911F7D3F4900E08C61 /* LaunchScreen.storyboard */,
				610AD0941F7D3F4900E08C61 /* Info.plist */,
			);
			path = "coder-swag";
			sourceTree = "<group>";
		};
		610AD09A1F7D469A00E08C61 /* Controller */ = {
			isa = PBXGroup;
			children = (
				610AD08A1F7D3F4900E08C61 /* CategoriesVC.swift */,
			);
			path = Controller;
			sourceTree = "<group>";
		};
		610AD09B1F7D46A100E08C61 /* Model */ = {
			isa = PBXGroup;
			children = (
				610AD09F1F7D4C9A00E08C61 /* Category.swift */,
			);
			path = Model;
			sourceTree = "<group>";
		};
		610AD09C1F7D46A800E08C61 /* View */ = {
			isa = PBXGroup;
			children = (
				610AD09D1F7D473C00E08C61 /* CategoryCell.swift */,
				610AD0A41F7DA67A00E08C61 /* ProductCell.swift */,
			);
			path = View;
			sourceTree = "<group>";
		};
		610AD0A11F7D4FCB00E08C61 /* Services */ = {
			isa = PBXGroup;
			children = (
				610AD0A21F7D4FDA00E08C61 /* DataService.swift */,
			);
			path = Services;
			sourceTree = "<group>";
		};
/* End PBXGroup section */

/* Begin PBXNativeTarget section */
		610AD0841F7D3F4800E08C61 /* coder-swag */ = {
			isa = PBXNativeTarget;
			buildConfigurationList = 610AD0971F7D3F4900E08C61 /* Build configuration list for PBXNativeTarget "coder-swag" */;
			buildPhases = (
				610AD0811F7D3F4800E08C61 /* Sources */,
				610AD0821F7D3F4800E08C61 /* Frameworks */,
				610AD0831F7D3F4800E08C61 /* Resources */,
			);
			buildRules = (
			);
			dependencies = (
			);
			name = "coder-swag";
			productName = "coder-swag";
			productReference = 610AD0851F7D3F4900E08C61 /* coder-swag.app */;
			productType = "com.apple.product-type.application";
		};
/* End PBXNativeTarget section */

/* Begin PBXProject section */
		610AD07D1F7D3F4800E08C61 /* Project object */ = {
			isa = PBXProject;
			attributes = {
				LastSwiftUpdateCheck = 0900;
				LastUpgradeCheck = 0900;
				ORGANIZATIONNAME = mateusz;
				TargetAttributes = {
					610AD0841F7D3F4800E08C61 = {
						CreatedOnToolsVersion = 9.0;
						ProvisioningStyle = Automatic;
					};
				};
			};
			buildConfigurationList = 610AD0801F7D3F4800E08C61 /* Build configuration list for PBXProject "coder-swag" */;
			compatibilityVersion = "Xcode 8.0";
			developmentRegion = en;
			hasScannedForEncodings = 0;
			knownRegions = (
				en,
				Base,
			);
			mainGroup = 610AD07C1F7D3F4800E08C61;
			productRefGroup = 610AD0861F7D3F4900E08C61 /* Products */;
			projectDirPath = "";
			projectRoot = "";
			targets = (
				610AD0841F7D3F4800E08C61 /* coder-swag */,
			);
		};
/* End PBXProject section */

/* Begin PBXResourcesBuildPhase section */
		610AD0831F7D3F4800E08C61 /* Resources */ = {
			isa = PBXResourcesBuildPhase;
			buildActionMask = 2147483647;
			files = (
				610AD0931F7D3F4900E08C61 /* LaunchScreen.storyboard in Resources */,
				610AD0901F7D3F4900E08C61 /* Assets.xcassets in Resources */,
				610AD08E1F7D3F4900E08C61 /* Main.storyboard in Resources */,
			);
			runOnlyForDeploymentPostprocessing = 0;
		};
/* End PBXResourcesBuildPhase section */

/* Begin PBXSourcesBuildPhase section */
		610AD0811F7D3F4800E08C61 /* Sources */ = {
			isa = PBXSourcesBuildPhase;
			buildActionMask = 2147483647;
			files = (
				610AD08B1F7D3F4900E08C61 /* CategoriesVC.swift in Sources */,
				610AD0891F7D3F4900E08C61 /* AppDelegate.swift in Sources */,
				610AD09E1F7D473C00E08C61 /* CategoryCell.swift in Sources */,
				610AD0A51F7DA67A00E08C61 /* ProductCell.swift in Sources */,
				610AD0A01F7D4C9A00E08C61 /* Category.swift in Sources */,
				610AD0A31F7D4FDA00E08C61 /* DataService.swift in Sources */,
			);
			runOnlyForDeploymentPostprocessing = 0;
		};
/* End PBXSourcesBuildPhase section */

/* Begin PBXVariantGroup section */
		610AD08C1F7D3F4900E08C61 /* Main.storyboard */ = {
			isa = PBXVariantGroup;
			children = (
				610AD08D1F7D3F4900E08C61 /* Base */,
			);
			name = Main.storyboard;
			sourceTree = "<group>";
		};
		610AD0911F7D3F4900E08C61 /* LaunchScreen.storyboard */ = {
			isa = PBXVariantGroup;
			children = (
				610AD0921F7D3F4900E08C61 /* Base */,
			);
			name = LaunchScreen.storyboard;
			sourceTree = "<group>";
		};
/* End PBXVariantGroup section */

/* Begin XCBuildConfiguration section */
		610AD0951F7D3F4900E08C61 /* Debug */ = {
			isa = XCBuildConfiguration;
			buildSettings = {
				ALWAYS_SEARCH_USER_PATHS = NO;
				CLANG_ANALYZER_NONNULL = YES;
				CLANG_ANALYZER_NUMBER_OBJECT_CONVERSION = YES_AGGRESSIVE;
				CLANG_CXX_LANGUAGE_STANDARD = "gnu++14";
				CLANG_CXX_LIBRARY = "libc++";
				CLANG_ENABLE_MODULES = YES;
				CLANG_ENABLE_OBJC_ARC = YES;
				CLANG_WARN_BLOCK_CAPTURE_AUTORELEASING = YES;
				CLANG_WARN_BOOL_CONVERSION = YES;
				CLANG_WARN_COMMA = YES;
				CLANG_WARN_CONSTANT_CONVERSION = YES;
				CLANG_WARN_DIRECT_OBJC_ISA_USAGE = YES_ERROR;
				CLANG_WARN_DOCUMENTATION_COMMENTS = YES;
				CLANG_WARN_EMPTY_BODY = YES;
				CLANG_WARN_ENUM_CONVERSION = YES;
				CLANG_WARN_INFINITE_RECURSION = YES;
				CLANG_WARN_INT_CONVERSION = YES;
				CLANG_WARN_NON_LITERAL_NULL_CONVERSION = YES;
				CLANG_WARN_OBJC_LITERAL_CONVERSION = YES;
				CLANG_WARN_OBJC_ROOT_CLASS = YES_ERROR;
				CLANG_WARN_RANGE_LOOP_ANALYSIS = YES;
				CLANG_WARN_STRICT_PROTOTYPES = YES;
				CLANG_WARN_SUSPICIOUS_MOVE = YES;
				CLANG_WARN_UNGUARDED_AVAILABILITY = YES_AGGRESSIVE;
				CLANG_WARN_UNREACHABLE_CODE = YES;
				CLANG_WARN__DUPLICATE_METHOD_MATCH = YES;
				CODE_SIGN_IDENTITY = "iPhone Developer";
				COPY_PHASE_STRIP = NO;
				DEBUG_INFORMATION_FORMAT = dwarf;
				ENABLE_STRICT_OBJC_MSGSEND = YES;
				ENABLE_TESTABILITY = YES;
				GCC_C_LANGUAGE_STANDARD = gnu11;
				GCC_DYNAMIC_NO_PIC = NO;
				GCC_NO_COMMON_BLOCKS = YES;
				GCC_OPTIMIZATION_LEVEL = 0;
				GCC_PREPROCESSOR_DEFINITIONS = (
					"DEBUG=1",
					"$(inherited)",
				);
				GCC_WARN_64_TO_32_BIT_CONVERSION = YES;
				GCC_WARN_ABOUT_RETURN_TYPE = YES_ERROR;
				GCC_WARN_UNDECLARED_SELECTOR = YES;
				GCC_WARN_UNINITIALIZED_AUTOS = YES_AGGRESSIVE;
				GCC_WARN_UNUSED_FUNCTION = YES;
				GCC_WARN_UNUSED_VARIABLE = YES;
				IPHONEOS_DEPLOYMENT_TARGET = 11.0;
				MTL_ENABLE_DEBUG_INFO = YES;
				ONLY_ACTIVE_ARCH = YES;
				SDKROOT = iphoneos;
				SWIFT_ACTIVE_COMPILATION_CONDITIONS = DEBUG;
				SWIFT_OPTIMIZATION_LEVEL = "-Onone";
			};
			name = Debug;
		};
		610AD0961F7D3F4900E08C61 /* Release */ = {
			isa = XCBuildConfiguration;
			buildSettings = {
				ALWAYS_SEARCH_USER_PATHS = NO;
				CLANG_ANALYZER_NONNULL = YES;
				CLANG_ANALYZER_NUMBER_OBJECT_CONVERSION = YES_AGGRESSIVE;
				CLANG_CXX_LANGUAGE_STANDARD = "gnu++14";
				CLANG_CXX_LIBRARY = "libc++";
				CLANG_ENABLE_MODULES = YES;
				CLANG_ENABLE_OBJC_ARC = YES;
				CLANG_WARN_BLOCK_CAPTURE_AUTORELEASING = YES;
				CLANG_WARN_BOOL_CONVERSION = YES;
				CLANG_WARN_COMMA = YES;
				CLANG_WARN_CONSTANT_CONVERSION = YES;
				CLANG_WARN_DIRECT_OBJC_ISA_USAGE = YES_ERROR;
				CLANG_WARN_DOCUMENTATION_COMMENTS = YES;
				CLANG_WARN_EMPTY_BODY = YES;
				CLANG_WARN_ENUM_CONVERSION = YES;
				CLANG_WARN_INFINITE_RECURSION = YES;
				CLANG_WARN_INT_CONVERSION = YES;
				CLANG_WARN_NON_LITERAL_NULL_CONVERSION = YES;
				CLANG_WARN_OBJC_LITERAL_CONVERSION = YES;
				CLANG_WARN_OBJC_ROOT_CLASS = YES_ERROR;
				CLANG_WARN_RANGE_LOOP_ANALYSIS = YES;
				CLANG_WARN_STRICT_PROTOTYPES = YES;
				CLANG_WARN_SUSPICIOUS_MOVE = YES;
				CLANG_WARN_UNGUARDED_AVAILABILITY = YES_AGGRESSIVE;
				CLANG_WARN_UNREACHABLE_CODE = YES;
				CLANG_WARN__DUPLICATE_METHOD_MATCH = YES;
				CODE_SIGN_IDENTITY = "iPhone Developer";
				COPY_PHASE_STRIP = NO;
				DEBUG_INFORMATION_FORMAT = "dwarf-with-dsym";
				ENABLE_NS_ASSERTIONS = NO;
				ENABLE_STRICT_OBJC_MSGSEND = YES;
				GCC_C_LANGUAGE_STANDARD = gnu11;
				GCC_NO_COMMON_BLOCKS = YES;
				GCC_WARN_64_TO_32_BIT_CONVERSION = YES;
				GCC_WARN_ABOUT_RETURN_TYPE = YES_ERROR;
				GCC_WARN_UNDECLARED_SELECTOR = YES;
				GCC_WARN_UNINITIALIZED_AUTOS = YES_AGGRESSIVE;
				GCC_WARN_UNUSED_FUNCTION = YES;
				GCC_WARN_UNUSED_VARIABLE = YES;
				IPHONEOS_DEPLOYMENT_TARGET = 11.0;
				MTL_ENABLE_DEBUG_INFO = NO;
				SDKROOT = iphoneos;
				SWIFT_OPTIMIZATION_LEVEL = "-Owholemodule";
				VALIDATE_PRODUCT = YES;
			};
			name = Release;
		};
		610AD0981F7D3F4900E08C61 /* Debug */ = {
			isa = XCBuildConfiguration;
			buildSettings = {
				ASSETCATALOG_COMPILER_APPICON_NAME = AppIcon;
				CODE_SIGN_STYLE = Automatic;
				INFOPLIST_FILE = "coder-swag/Info.plist";
				LD_RUNPATH_SEARCH_PATHS = "$(inherited) @executable_path/Frameworks";
				PRODUCT_BUNDLE_IDENTIFIER = "nmat.coder-swag";
				PRODUCT_NAME = "$(TARGET_NAME)";
				SWIFT_VERSION = 4.0;
				TARGETED_DEVICE_FAMILY = "1,2";
			};
			name = Debug;
		};
		610AD0991F7D3F4900E08C61 /* Release */ = {
			isa = XCBuildConfiguration;
			buildSettings = {
				ASSETCATALOG_COMPILER_APPICON_NAME = AppIcon;
				CODE_SIGN_STYLE = Automatic;
				INFOPLIST_FILE = "coder-swag/Info.plist";
				LD_RUNPATH_SEARCH_PATHS = "$(inherited) @executable_path/Frameworks";
				PRODUCT_BUNDLE_IDENTIFIER = "nmat.coder-swag";
				PRODUCT_NAME = "$(TARGET_NAME)";
				SWIFT_VERSION = 4.0;
				TARGETED_DEVICE_FAMILY = "1,2";
			};
			name = Release;
		};
/* End XCBuildConfiguration section */

/* Begin XCConfigurationList section */
		610AD0801F7D3F4800E08C61 /* Build configuration list for PBXProject "coder-swag" */ = {
			isa = XCConfigurationList;
			buildConfigurations = (
				610AD0951F7D3F4900E08C61 /* Debug */,
				610AD0961F7D3F4900E08C61 /* Release */,
			);
			defaultConfigurationIsVisible = 0;
			defaultConfigurationName = Release;
		};
		610AD0971F7D3F4900E08C61 /* Build configuration list for PBXNativeTarget "coder-swag" */ = {
			isa = XCConfigurationList;
			buildConfigurations = (
				610AD0981F7D3F4900E08C61 /* Debug */,
				610AD0991F7D3F4900E08C61 /* Release */,
			);
			defaultConfigurationIsVisible = 0;
			defaultConfigurationName = Release;
		};
/* End XCConfigurationList section */
	};
	rootObject = 610AD07D1F7D3F4800E08C61 /* Project object */;
}
